
Microsoft Visual Studio Solution File, Format Version 12.00
# Visual Studio Version 17
VisualStudioVersion = 17.9.34728.123
MinimumVisualStudioVersion = 10.0.40219.1
Project("{FAE04EC0-301F-11D3-BF4B-00C04F79EFBC}") = "Assignment3.1.2", "Assignment3.1.2.csproj", "{EC070526-F56F-44D1-8730-C7099F0014C3}"
EndProject
Global
	GlobalSection(SolutionConfigurationPlatforms) = preSolution
		Debug|Any CPU = Debug|Any CPU
		Release|Any CPU = Release|Any CPU
	EndGlobalSection
	GlobalSection(ProjectConfigurationPlatforms) = postSolution
		{EC070526-F56F-44D1-8730-C7099F0014C3}.Debug|Any CPU.ActiveCfg = Debug|Any CPU
		{EC070526-F56F-44D1-8730-C7099F0014C3}.Debug|Any CPU.Build.0 = Debug|Any CPU
		{EC070526-F56F-44D1-8730-C7099F0014C3}.Release|Any CPU.ActiveCfg = Release|Any CPU
		{EC070526-F56F-44D1-8730-C7099F0014C3}.Release|Any CPU.Build.0 = Release|Any CPU
	EndGlobalSection
	GlobalSection(SolutionProperties) = preSolution
		HideSolutionNode = FALSE
	EndGlobalSection
	GlobalSection(ExtensibilityGlobals) = postSolution
		SolutionGuid = {82DC8527-FDF6-4C7A-A771-7ACA330F3906}
	EndGlobalSection
EndGlobal
